// !$*UTF8*$!
{
	archiveVersion = 1;
	classes = {
	};
	objectVersion = 55;
	objects = {

/* Begin PBXBuildFile section */
		B90BFCED28DB6A6D0014F7C2 /* RealmSwift in Frameworks */ = {isa = PBXBuildFile; productRef = B90BFCEC28DB6A6D0014F7C2 /* RealmSwift */; };
		B90BFCF028DB6AA60014F7C2 /* Realm in Frameworks */ = {isa = PBXBuildFile; productRef = B90BFCEF28DB6AA60014F7C2 /* Realm */; };
		B90BFCF228DB6AA60014F7C2 /* RealmSwift in Frameworks */ = {isa = PBXBuildFile; productRef = B90BFCF128DB6AA60014F7C2 /* RealmSwift */; };
		B922BBC128CE4B2500D94DF7 /* StorageManager.swift in Sources */ = {isa = PBXBuildFile; fileRef = B922BBC028CE4B2500D94DF7 /* StorageManager.swift */; };
		B924147328A38764007BD55B /* NewPlaceTableViewController.swift in Sources */ = {isa = PBXBuildFile; fileRef = B924147228A38764007BD55B /* NewPlaceTableViewController.swift */; };
		B9262F3E28DB6B2600C078FE /* Cosmos in Frameworks */ = {isa = PBXBuildFile; productRef = B9262F3D28DB6B2600C078FE /* Cosmos */; };
		B92DCDB728D9ABD500B2CCF5 /* RatingControl.swift in Sources */ = {isa = PBXBuildFile; fileRef = B92DCDB628D9ABD500B2CCF5 /* RatingControl.swift */; };
		B952854628DB661800F4939F /* Cosmos in Frameworks */ = {isa = PBXBuildFile; productRef = B952854528DB661800F4939F /* Cosmos */; };
		B952854928DB681200F4939F /* Realm in Frameworks */ = {isa = PBXBuildFile; productRef = B952854828DB681200F4939F /* Realm */; };
		B952854B28DB681200F4939F /* RealmSwift in Frameworks */ = {isa = PBXBuildFile; productRef = B952854A28DB681200F4939F /* RealmSwift */; };
		B989002728CB96B3000A4187 /* Realm in Frameworks */ = {isa = PBXBuildFile; productRef = B989002628CB96B3000A4187 /* Realm */; };
		B989002928CB96B3000A4187 /* RealmSwift in Frameworks */ = {isa = PBXBuildFile; productRef = B989002828CB96B3000A4187 /* RealmSwift */; };
		B9A0BBB128A11DCF00853E87 /* MainTableViewController.swift in Sources */ = {isa = PBXBuildFile; fileRef = B9A0BBB028A11DCF00853E87 /* MainTableViewController.swift */; };
		B9A0BBB328A1884900853E87 /* CustomTableViewCell.swift in Sources */ = {isa = PBXBuildFile; fileRef = B9A0BBB228A1884900853E87 /* CustomTableViewCell.swift */; };
		B9A0BBB528A250BB00853E87 /* PlaceModel.swift in Sources */ = {isa = PBXBuildFile; fileRef = B9A0BBB428A250BB00853E87 /* PlaceModel.swift */; };
		B9AB1C6728DB725400F94EFA /* Cosmos in Frameworks */ = {isa = PBXBuildFile; productRef = B9AB1C6628DB725400F94EFA /* Cosmos */; };
		B9BEE15028A115C900C72E8E /* AppDelegate.swift in Sources */ = {isa = PBXBuildFile; fileRef = B9BEE14F28A115C900C72E8E /* AppDelegate.swift */; };
		B9BEE15228A115C900C72E8E /* SceneDelegate.swift in Sources */ = {isa = PBXBuildFile; fileRef = B9BEE15128A115C900C72E8E /* SceneDelegate.swift */; };
		B9BEE15728A115C900C72E8E /* Main.storyboard in Resources */ = {isa = PBXBuildFile; fileRef = B9BEE15528A115C900C72E8E /* Main.storyboard */; };
		B9BEE15928A115CB00C72E8E /* Assets.xcassets in Resources */ = {isa = PBXBuildFile; fileRef = B9BEE15828A115CB00C72E8E /* Assets.xcassets */; };
		B9BEE15C28A115CB00C72E8E /* LaunchScreen.storyboard in Resources */ = {isa = PBXBuildFile; fileRef = B9BEE15A28A115CB00C72E8E /* LaunchScreen.storyboard */; };
/* End PBXBuildFile section */

/* Begin PBXFileReference section */
		B922BBC028CE4B2500D94DF7 /* StorageManager.swift */ = {isa = PBXFileReference; lastKnownFileType = sourcecode.swift; path = StorageManager.swift; sourceTree = "<group>"; };
		B924147228A38764007BD55B /* NewPlaceTableViewController.swift */ = {isa = PBXFileReference; lastKnownFileType = sourcecode.swift; path = NewPlaceTableViewController.swift; sourceTree = "<group>"; };
		B92DCDB628D9ABD500B2CCF5 /* RatingControl.swift */ = {isa = PBXFileReference; lastKnownFileType = sourcecode.swift; path = RatingControl.swift; sourceTree = "<group>"; };
		B9A0BBB028A11DCF00853E87 /* MainTableViewController.swift */ = {isa = PBXFileReference; lastKnownFileType = sourcecode.swift; path = MainTableViewController.swift; sourceTree = "<group>"; };
		B9A0BBB228A1884900853E87 /* CustomTableViewCell.swift */ = {isa = PBXFileReference; lastKnownFileType = sourcecode.swift; path = CustomTableViewCell.swift; sourceTree = "<group>"; };
		B9A0BBB428A250BB00853E87 /* PlaceModel.swift */ = {isa = PBXFileReference; lastKnownFileType = sourcecode.swift; path = PlaceModel.swift; sourceTree = "<group>"; };
		B9BEE14C28A115C900C72E8E /* MyPlaces.app */ = {isa = PBXFileReference; explicitFileType = wrapper.application; includeInIndex = 0; path = MyPlaces.app; sourceTree = BUILT_PRODUCTS_DIR; };
		B9BEE14F28A115C900C72E8E /* AppDelegate.swift */ = {isa = PBXFileReference; lastKnownFileType = sourcecode.swift; path = AppDelegate.swift; sourceTree = "<group>"; };
		B9BEE15128A115C900C72E8E /* SceneDelegate.swift */ = {isa = PBXFileReference; lastKnownFileType = sourcecode.swift; path = SceneDelegate.swift; sourceTree = "<group>"; };
		B9BEE15628A115C900C72E8E /* Base */ = {isa = PBXFileReference; lastKnownFileType = file.storyboard; name = Base; path = Base.lproj/Main.storyboard; sourceTree = "<group>"; };
		B9BEE15828A115CB00C72E8E /* Assets.xcassets */ = {isa = PBXFileReference; lastKnownFileType = folder.assetcatalog; path = Assets.xcassets; sourceTree = "<group>"; };
		B9BEE15B28A115CB00C72E8E /* Base */ = {isa = PBXFileReference; lastKnownFileType = file.storyboard; name = Base; path = Base.lproj/LaunchScreen.storyboard; sourceTree = "<group>"; };
		B9BEE15D28A115CB00C72E8E /* Info.plist */ = {isa = PBXFileReference; lastKnownFileType = text.plist.xml; path = Info.plist; sourceTree = "<group>"; };
/* End PBXFileReference section */

/* Begin PBXFrameworksBuildPhase section */
		B9BEE14928A115C900C72E8E /* Frameworks */ = {
			isa = PBXFrameworksBuildPhase;
			buildActionMask = 2147483647;
			files = (
				B9AB1C6728DB725400F94EFA /* Cosmos in Frameworks */,
				B90BFCF228DB6AA60014F7C2 /* RealmSwift in Frameworks */,
				B90BFCF028DB6AA60014F7C2 /* Realm in Frameworks */,
				B90BFCED28DB6A6D0014F7C2 /* RealmSwift in Frameworks */,
				B9262F3E28DB6B2600C078FE /* Cosmos in Frameworks */,
				B952854628DB661800F4939F /* Cosmos in Frameworks */,
				B989002928CB96B3000A4187 /* RealmSwift in Frameworks */,
				B952854928DB681200F4939F /* Realm in Frameworks */,
				B952854B28DB681200F4939F /* RealmSwift in Frameworks */,
				B989002728CB96B3000A4187 /* Realm in Frameworks */,
			);
			runOnlyForDeploymentPostprocessing = 0;
		};
/* End PBXFrameworksBuildPhase section */

/* Begin PBXGroup section */
		B9262F3F28DB6B5600C078FE /* Frameworks */ = {
			isa = PBXGroup;
			children = (
			);
			name = Frameworks;
			sourceTree = "<group>";
		};
		B9BEE14328A115C900C72E8E = {
			isa = PBXGroup;
			children = (
				B9BEE14E28A115C900C72E8E /* MyPlaces */,
				B9BEE14D28A115C900C72E8E /* Products */,
				B9262F3F28DB6B5600C078FE /* Frameworks */,
			);
			sourceTree = "<group>";
		};
		B9BEE14D28A115C900C72E8E /* Products */ = {
			isa = PBXGroup;
			children = (
				B9BEE14C28A115C900C72E8E /* MyPlaces.app */,
			);
			name = Products;
			sourceTree = "<group>";
		};
		B9BEE14E28A115C900C72E8E /* MyPlaces */ = {
			isa = PBXGroup;
			children = (
				B9BEE14F28A115C900C72E8E /* AppDelegate.swift */,
				B9BEE15128A115C900C72E8E /* SceneDelegate.swift */,
				B9A0BBB028A11DCF00853E87 /* MainTableViewController.swift */,
				B924147228A38764007BD55B /* NewPlaceTableViewController.swift */,
				B9A0BBB428A250BB00853E87 /* PlaceModel.swift */,
				B922BBC028CE4B2500D94DF7 /* StorageManager.swift */,
				B9A0BBB228A1884900853E87 /* CustomTableViewCell.swift */,
				B92DCDB628D9ABD500B2CCF5 /* RatingControl.swift */,
				B9BEE15528A115C900C72E8E /* Main.storyboard */,
				B9BEE15828A115CB00C72E8E /* Assets.xcassets */,
				B9BEE15A28A115CB00C72E8E /* LaunchScreen.storyboard */,
				B9BEE15D28A115CB00C72E8E /* Info.plist */,
			);
			path = MyPlaces;
			sourceTree = "<group>";
		};
/* End PBXGroup section */

/* Begin PBXNativeTarget section */
		B9BEE14B28A115C900C72E8E /* MyPlaces */ = {
			isa = PBXNativeTarget;
			buildConfigurationList = B9BEE16028A115CB00C72E8E /* Build configuration list for PBXNativeTarget "MyPlaces" */;
			buildPhases = (
				B9BEE14828A115C900C72E8E /* Sources */,
				B9BEE14928A115C900C72E8E /* Frameworks */,
				B9BEE14A28A115C900C72E8E /* Resources */,
			);
			buildRules = (
			);
			dependencies = (
			);
			name = MyPlaces;
			packageProductDependencies = (
				B989002628CB96B3000A4187 /* Realm */,
				B989002828CB96B3000A4187 /* RealmSwift */,
				B952854528DB661800F4939F /* Cosmos */,
				B952854828DB681200F4939F /* Realm */,
				B952854A28DB681200F4939F /* RealmSwift */,
				B90BFCEC28DB6A6D0014F7C2 /* RealmSwift */,
				B90BFCEF28DB6AA60014F7C2 /* Realm */,
				B90BFCF128DB6AA60014F7C2 /* RealmSwift */,
				B9262F3D28DB6B2600C078FE /* Cosmos */,
				B9AB1C6628DB725400F94EFA /* Cosmos */,
			);
			productName = MyPlaces;
			productReference = B9BEE14C28A115C900C72E8E /* MyPlaces.app */;
			productType = "com.apple.product-type.application";
		};
/* End PBXNativeTarget section */

/* Begin PBXProject section */
		B9BEE14428A115C900C72E8E /* Project object */ = {
			isa = PBXProject;
			attributes = {
				BuildIndependentTargetsInParallel = 1;
				LastSwiftUpdateCheck = 1340;
				LastUpgradeCheck = 1340;
				TargetAttributes = {
					B9BEE14B28A115C900C72E8E = {
						CreatedOnToolsVersion = 13.4.1;
					};
				};
			};
			buildConfigurationList = B9BEE14728A115C900C72E8E /* Build configuration list for PBXProject "MyPlaces" */;
			compatibilityVersion = "Xcode 13.0";
			developmentRegion = en;
			hasScannedForEncodings = 0;
			knownRegions = (
				en,
				Base,
			);
			mainGroup = B9BEE14328A115C900C72E8E;
			packageReferences = (
				B989002528CB96B3000A4187 /* XCRemoteSwiftPackageReference "realm-swift" */,
				B92DCDB828DB658300B2CCF5 /* XCRemoteSwiftPackageReference "Cosmos" */,
				B952854428DB661800F4939F /* XCRemoteSwiftPackageReference "Cosmos" */,
				B952854728DB681200F4939F /* XCRemoteSwiftPackageReference "realm-swift" */,
				B90BFCEB28DB6A6D0014F7C2 /* XCRemoteSwiftPackageReference "realm-swift" */,
				B90BFCEE28DB6AA60014F7C2 /* XCRemoteSwiftPackageReference "realm-swift" */,
				B9262F3C28DB6B2600C078FE /* XCRemoteSwiftPackageReference "Cosmos" */,
				B9AB1C6528DB725400F94EFA /* XCRemoteSwiftPackageReference "Cosmos" */,
			);
			productRefGroup = B9BEE14D28A115C900C72E8E /* Products */;
			projectDirPath = "";
			projectRoot = "";
			targets = (
				B9BEE14B28A115C900C72E8E /* MyPlaces */,
			);
		};
/* End PBXProject section */

/* Begin PBXResourcesBuildPhase section */
		B9BEE14A28A115C900C72E8E /* Resources */ = {
			isa = PBXResourcesBuildPhase;
			buildActionMask = 2147483647;
			files = (
				B9BEE15C28A115CB00C72E8E /* LaunchScreen.storyboard in Resources */,
				B9BEE15928A115CB00C72E8E /* Assets.xcassets in Resources */,
				B9BEE15728A115C900C72E8E /* Main.storyboard in Resources */,
			);
			runOnlyForDeploymentPostprocessing = 0;
		};
/* End PBXResourcesBuildPhase section */

/* Begin PBXSourcesBuildPhase section */
		B9BEE14828A115C900C72E8E /* Sources */ = {
			isa = PBXSourcesBuildPhase;
			buildActionMask = 2147483647;
			files = (
				B924147328A38764007BD55B /* NewPlaceTableViewController.swift in Sources */,
				B9BEE15028A115C900C72E8E /* AppDelegate.swift in Sources */,
				B9A0BBB128A11DCF00853E87 /* MainTableViewController.swift in Sources */,
				B922BBC128CE4B2500D94DF7 /* StorageManager.swift in Sources */,
				B92DCDB728D9ABD500B2CCF5 /* RatingControl.swift in Sources */,
				B9A0BBB528A250BB00853E87 /* PlaceModel.swift in Sources */,
				B9A0BBB328A1884900853E87 /* CustomTableViewCell.swift in Sources */,
				B9BEE15228A115C900C72E8E /* SceneDelegate.swift in Sources */,
			);
			runOnlyForDeploymentPostprocessing = 0;
		};
/* End PBXSourcesBuildPhase section */

/* Begin PBXVariantGroup section */
		B9BEE15528A115C900C72E8E /* Main.storyboard */ = {
			isa = PBXVariantGroup;
			children = (
				B9BEE15628A115C900C72E8E /* Base */,
			);
			name = Main.storyboard;
			sourceTree = "<group>";
		};
		B9BEE15A28A115CB00C72E8E /* LaunchScreen.storyboard */ = {
			isa = PBXVariantGroup;
			children = (
				B9BEE15B28A115CB00C72E8E /* Base */,
			);
			name = LaunchScreen.storyboard;
			sourceTree = "<group>";
		};
/* End PBXVariantGroup section */

/* Begin XCBuildConfiguration section */
		B9BEE15E28A115CB00C72E8E /* Debug */ = {
			isa = XCBuildConfiguration;
			buildSettings = {
				ALWAYS_SEARCH_USER_PATHS = NO;
				CLANG_ANALYZER_NONNULL = YES;
				CLANG_ANALYZER_NUMBER_OBJECT_CONVERSION = YES_AGGRESSIVE;
				CLANG_CXX_LANGUAGE_STANDARD = "gnu++17";
				CLANG_ENABLE_MODULES = YES;
				CLANG_ENABLE_OBJC_ARC = YES;
				CLANG_ENABLE_OBJC_WEAK = YES;
				CLANG_WARN_BLOCK_CAPTURE_AUTORELEASING = YES;
				CLANG_WARN_BOOL_CONVERSION = YES;
				CLANG_WARN_COMMA = YES;
				CLANG_WARN_CONSTANT_CONVERSION = YES;
				CLANG_WARN_DEPRECATED_OBJC_IMPLEMENTATIONS = YES;
				CLANG_WARN_DIRECT_OBJC_ISA_USAGE = YES_ERROR;
				CLANG_WARN_DOCUMENTATION_COMMENTS = YES;
				CLANG_WARN_EMPTY_BODY = YES;
				CLANG_WARN_ENUM_CONVERSION = YES;
				CLANG_WARN_INFINITE_RECURSION = YES;
				CLANG_WARN_INT_CONVERSION = YES;
				CLANG_WARN_NON_LITERAL_NULL_CONVERSION = YES;
				CLANG_WARN_OBJC_IMPLICIT_RETAIN_SELF = YES;
				CLANG_WARN_OBJC_LITERAL_CONVERSION = YES;
				CLANG_WARN_OBJC_ROOT_CLASS = YES_ERROR;
				CLANG_WARN_QUOTED_INCLUDE_IN_FRAMEWORK_HEADER = YES;
				CLANG_WARN_RANGE_LOOP_ANALYSIS = YES;
				CLANG_WARN_STRICT_PROTOTYPES = YES;
				CLANG_WARN_SUSPICIOUS_MOVE = YES;
				CLANG_WARN_UNGUARDED_AVAILABILITY = YES_AGGRESSIVE;
				CLANG_WARN_UNREACHABLE_CODE = YES;
				CLANG_WARN__DUPLICATE_METHOD_MATCH = YES;
				COPY_PHASE_STRIP = NO;
				DEBUG_INFORMATION_FORMAT = dwarf;
				ENABLE_STRICT_OBJC_MSGSEND = YES;
				ENABLE_TESTABILITY = YES;
				GCC_C_LANGUAGE_STANDARD = gnu11;
				GCC_DYNAMIC_NO_PIC = NO;
				GCC_NO_COMMON_BLOCKS = YES;
				GCC_OPTIMIZATION_LEVEL = 0;
				GCC_PREPROCESSOR_DEFINITIONS = (
					"DEBUG=1",
					"$(inherited)",
				);
				GCC_WARN_64_TO_32_BIT_CONVERSION = YES;
				GCC_WARN_ABOUT_RETURN_TYPE = YES_ERROR;
				GCC_WARN_UNDECLARED_SELECTOR = YES;
				GCC_WARN_UNINITIALIZED_AUTOS = YES_AGGRESSIVE;
				GCC_WARN_UNUSED_FUNCTION = YES;
				GCC_WARN_UNUSED_VARIABLE = YES;
				IPHONEOS_DEPLOYMENT_TARGET = 14.0;
				MTL_ENABLE_DEBUG_INFO = INCLUDE_SOURCE;
				MTL_FAST_MATH = YES;
				ONLY_ACTIVE_ARCH = YES;
				SDKROOT = iphoneos;
				SWIFT_ACTIVE_COMPILATION_CONDITIONS = DEBUG;
				SWIFT_OPTIMIZATION_LEVEL = "-Onone";
			};
			name = Debug;
		};
		B9BEE15F28A115CB00C72E8E /* Release */ = {
			isa = XCBuildConfiguration;
			buildSettings = {
				ALWAYS_SEARCH_USER_PATHS = NO;
				CLANG_ANALYZER_NONNULL = YES;
				CLANG_ANALYZER_NUMBER_OBJECT_CONVERSION = YES_AGGRESSIVE;
				CLANG_CXX_LANGUAGE_STANDARD = "gnu++17";
				CLANG_ENABLE_MODULES = YES;
				CLANG_ENABLE_OBJC_ARC = YES;
				CLANG_ENABLE_OBJC_WEAK = YES;
				CLANG_WARN_BLOCK_CAPTURE_AUTORELEASING = YES;
				CLANG_WARN_BOOL_CONVERSION = YES;
				CLANG_WARN_COMMA = YES;
				CLANG_WARN_CONSTANT_CONVERSION = YES;
				CLANG_WARN_DEPRECATED_OBJC_IMPLEMENTATIONS = YES;
				CLANG_WARN_DIRECT_OBJC_ISA_USAGE = YES_ERROR;
				CLANG_WARN_DOCUMENTATION_COMMENTS = YES;
				CLANG_WARN_EMPTY_BODY = YES;
				CLANG_WARN_ENUM_CONVERSION = YES;
				CLANG_WARN_INFINITE_RECURSION = YES;
				CLANG_WARN_INT_CONVERSION = YES;
				CLANG_WARN_NON_LITERAL_NULL_CONVERSION = YES;
				CLANG_WARN_OBJC_IMPLICIT_RETAIN_SELF = YES;
				CLANG_WARN_OBJC_LITERAL_CONVERSION = YES;
				CLANG_WARN_OBJC_ROOT_CLASS = YES_ERROR;
				CLANG_WARN_QUOTED_INCLUDE_IN_FRAMEWORK_HEADER = YES;
				CLANG_WARN_RANGE_LOOP_ANALYSIS = YES;
				CLANG_WARN_STRICT_PROTOTYPES = YES;
				CLANG_WARN_SUSPICIOUS_MOVE = YES;
				CLANG_WARN_UNGUARDED_AVAILABILITY = YES_AGGRESSIVE;
				CLANG_WARN_UNREACHABLE_CODE = YES;
				CLANG_WARN__DUPLICATE_METHOD_MATCH = YES;
				COPY_PHASE_STRIP = NO;
				DEBUG_INFORMATION_FORMAT = "dwarf-with-dsym";
				ENABLE_NS_ASSERTIONS = NO;
				ENABLE_STRICT_OBJC_MSGSEND = YES;
				GCC_C_LANGUAGE_STANDARD = gnu11;
				GCC_NO_COMMON_BLOCKS = YES;
				GCC_WARN_64_TO_32_BIT_CONVERSION = YES;
				GCC_WARN_ABOUT_RETURN_TYPE = YES_ERROR;
				GCC_WARN_UNDECLARED_SELECTOR = YES;
				GCC_WARN_UNINITIALIZED_AUTOS = YES_AGGRESSIVE;
				GCC_WARN_UNUSED_FUNCTION = YES;
				GCC_WARN_UNUSED_VARIABLE = YES;
				IPHONEOS_DEPLOYMENT_TARGET = 14.0;
				MTL_ENABLE_DEBUG_INFO = NO;
				MTL_FAST_MATH = YES;
				SDKROOT = iphoneos;
				SWIFT_COMPILATION_MODE = wholemodule;
				SWIFT_OPTIMIZATION_LEVEL = "-O";
				VALIDATE_PRODUCT = YES;
			};
			name = Release;
		};
		B9BEE16128A115CB00C72E8E /* Debug */ = {
			isa = XCBuildConfiguration;
			buildSettings = {
				ASSETCATALOG_COMPILER_APPICON_NAME = AppIcon;
				ASSETCATALOG_COMPILER_GLOBAL_ACCENT_COLOR_NAME = AccentColor;
				CODE_SIGN_STYLE = Automatic;
				CURRENT_PROJECT_VERSION = 1;
				DEVELOPMENT_TEAM = ZW22V9BT45;
				GENERATE_INFOPLIST_FILE = YES;
				INFOPLIST_FILE = MyPlaces/Info.plist;
				INFOPLIST_KEY_UIApplicationSupportsIndirectInputEvents = YES;
				INFOPLIST_KEY_UILaunchStoryboardName = LaunchScreen;
				INFOPLIST_KEY_UIMainStoryboardFile = Main;
				INFOPLIST_KEY_UISupportedInterfaceOrientations = UIInterfaceOrientationPortrait;
				INFOPLIST_KEY_UISupportedInterfaceOrientations_iPad = "UIInterfaceOrientationPortrait UIInterfaceOrientationPortraitUpsideDown UIInterfaceOrientationLandscapeLeft UIInterfaceOrientationLandscapeRight";
				INFOPLIST_KEY_UISupportedInterfaceOrientations_iPhone = "UIInterfaceOrientationPortrait UIInterfaceOrientationLandscapeLeft UIInterfaceOrientationLandscapeRight";
				IPHONEOS_DEPLOYMENT_TARGET = 15.5;
				LD_RUNPATH_SEARCH_PATHS = (
					"$(inherited)",
					"@executable_path/Frameworks",
				);
				MARKETING_VERSION = 1.0;
				PRODUCT_BUNDLE_IDENTIFIER = IOS.Doolot.MyPlaces;
				PRODUCT_NAME = "$(TARGET_NAME)";
				SWIFT_EMIT_LOC_STRINGS = YES;
				SWIFT_VERSION = 5.0;
				TARGETED_DEVICE_FAMILY = 1;
			};
			name = Debug;
		};
		B9BEE16228A115CB00C72E8E /* Release */ = {
			isa = XCBuildConfiguration;
			buildSettings = {
				ASSETCATALOG_COMPILER_APPICON_NAME = AppIcon;
				ASSETCATALOG_COMPILER_GLOBAL_ACCENT_COLOR_NAME = AccentColor;
				CODE_SIGN_STYLE = Automatic;
				CURRENT_PROJECT_VERSION = 1;
				DEVELOPMENT_TEAM = ZW22V9BT45;
				GENERATE_INFOPLIST_FILE = YES;
				INFOPLIST_FILE = MyPlaces/Info.plist;
				INFOPLIST_KEY_UIApplicationSupportsIndirectInputEvents = YES;
				INFOPLIST_KEY_UILaunchStoryboardName = LaunchScreen;
				INFOPLIST_KEY_UIMainStoryboardFile = Main;
				INFOPLIST_KEY_UISupportedInterfaceOrientations = UIInterfaceOrientationPortrait;
				INFOPLIST_KEY_UISupportedInterfaceOrientations_iPad = "UIInterfaceOrientationPortrait UIInterfaceOrientationPortraitUpsideDown UIInterfaceOrientationLandscapeLeft UIInterfaceOrientationLandscapeRight";
				INFOPLIST_KEY_UISupportedInterfaceOrientations_iPhone = "UIInterfaceOrientationPortrait UIInterfaceOrientationLandscapeLeft UIInterfaceOrientationLandscapeRight";
				IPHONEOS_DEPLOYMENT_TARGET = 15.5;
				LD_RUNPATH_SEARCH_PATHS = (
					"$(inherited)",
					"@executable_path/Frameworks",
				);
				MARKETING_VERSION = 1.0;
				PRODUCT_BUNDLE_IDENTIFIER = IOS.Doolot.MyPlaces;
				PRODUCT_NAME = "$(TARGET_NAME)";
				SWIFT_EMIT_LOC_STRINGS = YES;
				SWIFT_VERSION = 5.0;
				TARGETED_DEVICE_FAMILY = 1;
			};
			name = Release;
		};
/* End XCBuildConfiguration section */

/* Begin XCConfigurationList section */
		B9BEE14728A115C900C72E8E /* Build configuration list for PBXProject "MyPlaces" */ = {
			isa = XCConfigurationList;
			buildConfigurations = (
				B9BEE15E28A115CB00C72E8E /* Debug */,
				B9BEE15F28A115CB00C72E8E /* Release */,
			);
			defaultConfigurationIsVisible = 0;
			defaultConfigurationName = Release;
		};
		B9BEE16028A115CB00C72E8E /* Build configuration list for PBXNativeTarget "MyPlaces" */ = {
			isa = XCConfigurationList;
			buildConfigurations = (
				B9BEE16128A115CB00C72E8E /* Debug */,
				B9BEE16228A115CB00C72E8E /* Release */,
			);
			defaultConfigurationIsVisible = 0;
			defaultConfigurationName = Release;
		};
/* End XCConfigurationList section */

/* Begin XCRemoteSwiftPackageReference section */
		B90BFCEB28DB6A6D0014F7C2 /* XCRemoteSwiftPackageReference "realm-swift" */ = {
			isa = XCRemoteSwiftPackageReference;
			repositoryURL = "https://github.com/realm/realm-swift.git";
			requirement = {
				kind = upToNextMajorVersion;
				minimumVersion = 10.30.0;
			};
		};
		B90BFCEE28DB6AA60014F7C2 /* XCRemoteSwiftPackageReference "realm-swift" */ = {
			isa = XCRemoteSwiftPackageReference;
			repositoryURL = "https://github.com/realm/realm-swift.git";
			requirement = {
				kind = upToNextMajorVersion;
				minimumVersion = 10.30.0;
			};
		};
		B9262F3C28DB6B2600C078FE /* XCRemoteSwiftPackageReference "Cosmos" */ = {
			isa = XCRemoteSwiftPackageReference;
			repositoryURL = "https://github.com/evgenyneu/Cosmos.git";
			requirement = {
				kind = upToNextMajorVersion;
				minimumVersion = 23.0.0;
			};
		};
		B92DCDB828DB658300B2CCF5 /* XCRemoteSwiftPackageReference "Cosmos" */ = {
			isa = XCRemoteSwiftPackageReference;
			repositoryURL = "https://github.com/evgenyneu/Cosmos.git";
			requirement = {
				kind = upToNextMajorVersion;
				minimumVersion = 9.0.0;
			};
		};
		B952854428DB661800F4939F /* XCRemoteSwiftPackageReference "Cosmos" */ = {
			isa = XCRemoteSwiftPackageReference;
			repositoryURL = "https://github.com/evgenyneu/Cosmos.git";
			requirement = {
				branch = master;
				kind = branch;
			};
		};
		B952854728DB681200F4939F /* XCRemoteSwiftPackageReference "realm-swift" */ = {
			isa = XCRemoteSwiftPackageReference;
			repositoryURL = "https://github.com/realm/realm-swift.git";
			requirement = {
				branch = master;
				kind = branch;
			};
		};
		B989002528CB96B3000A4187 /* XCRemoteSwiftPackageReference "realm-swift" */ = {
			isa = XCRemoteSwiftPackageReference;
			repositoryURL = "https://github.com/realm/realm-swift.git";
			requirement = {
				branch = master;
				kind = branch;
			};
		};
		B9AB1C6528DB725400F94EFA /* XCRemoteSwiftPackageReference "Cosmos" */ = {
			isa = XCRemoteSwiftPackageReference;
			repositoryURL = "https://github.com/evgenyneu/Cosmos.git";
			requirement = {
				kind = upToNextMajorVersion;
				minimumVersion = 23.0.0;
			};
		};
/* End XCRemoteSwiftPackageReference section */

/* Begin XCSwiftPackageProductDependency section */
		B90BFCEC28DB6A6D0014F7C2 /* RealmSwift */ = {
			isa = XCSwiftPackageProductDependency;
			package = B90BFCEB28DB6A6D0014F7C2 /* XCRemoteSwiftPackageReference "realm-swift" */;
			productName = RealmSwift;
		};
		B90BFCEF28DB6AA60014F7C2 /* Realm */ = {
			isa = XCSwiftPackageProductDependency;
			package = B90BFCEB28DB6A6D0014F7C2 /* XCRemoteSwiftPackageReference "realm-swift" */;
			productName = Realm;
		};
		B90BFCF128DB6AA60014F7C2 /* RealmSwift */ = {
			isa = XCSwiftPackageProductDependency;
			package = B90BFCEB28DB6A6D0014F7C2 /* XCRemoteSwiftPackageReference "realm-swift" */;
			productName = RealmSwift;
		};
		B9262F3D28DB6B2600C078FE /* Cosmos */ = {
			isa = XCSwiftPackageProductDependency;
			package = B9262F3C28DB6B2600C078FE /* XCRemoteSwiftPackageReference "Cosmos" */;
			productName = Cosmos;
		};
		B952854528DB661800F4939F /* Cosmos */ = {
			isa = XCSwiftPackageProductDependency;
			package = B952854428DB661800F4939F /* XCRemoteSwiftPackageReference "Cosmos" */;
			productName = Cosmos;
		};
		B952854828DB681200F4939F /* Realm */ = {
			isa = XCSwiftPackageProductDependency;
			package = B989002528CB96B3000A4187 /* XCRemoteSwiftPackageReference "realm-swift" */;
			productName = Realm;
		};
		B952854A28DB681200F4939F /* RealmSwift */ = {
			isa = XCSwiftPackageProductDependency;
			package = B989002528CB96B3000A4187 /* XCRemoteSwiftPackageReference "realm-swift" */;
			productName = RealmSwift;
		};
		B989002628CB96B3000A4187 /* Realm */ = {
			isa = XCSwiftPackageProductDependency;
			package = B989002528CB96B3000A4187 /* XCRemoteSwiftPackageReference "realm-swift" */;
			productName = Realm;
		};
		B989002828CB96B3000A4187 /* RealmSwift */ = {
			isa = XCSwiftPackageProductDependency;
			package = B989002528CB96B3000A4187 /* XCRemoteSwiftPackageReference "realm-swift" */;
			productName = RealmSwift;
		};
		B9AB1C6628DB725400F94EFA /* Cosmos */ = {
			isa = XCSwiftPackageProductDependency;
			package = B9262F3C28DB6B2600C078FE /* XCRemoteSwiftPackageReference "Cosmos" */;
			productName = Cosmos;
		};
/* End XCSwiftPackageProductDependency section */
	};
	rootObject = B9BEE14428A115C900C72E8E /* Project object */;
}
